// !$*UTF8*$!
{
	archiveVersion = 1;
	classes = {
	};
	objectVersion = 50;
	objects = {

/* Begin PBXBuildFile section */
		3CFE7DB020DC9D6B00CD653C /* Main.storyboard in Resources */ = {isa = PBXBuildFile; fileRef = 3CFE7DAE20DC9D6B00CD653C /* Main.storyboard */; };
		3CFE7DB520DC9D6C00CD653C /* LaunchScreen.storyboard in Resources */ = {isa = PBXBuildFile; fileRef = 3CFE7DB320DC9D6C00CD653C /* LaunchScreen.storyboard */; };
		3CFE7DC120DC9F3300CD653C /* AppDelegate.m in Sources */ = {isa = PBXBuildFile; fileRef = 3CFE7DC020DC9F3300CD653C /* AppDelegate.m */; };
		3CFE7DC920DC9F4100CD653C /* ViewController.m in Sources */ = {isa = PBXBuildFile; fileRef = 3CFE7DC520DC9F4100CD653C /* ViewController.m */; };
		3CFE7DCE20DC9F4A00CD653C /* Assets.xcassets in Resources */ = {isa = PBXBuildFile; fileRef = 3CFE7DCB20DC9F4A00CD653C /* Assets.xcassets */; };
		3CFE7DCF20DC9F4A00CD653C /* main.m in Sources */ = {isa = PBXBuildFile; fileRef = 3CFE7DCC20DC9F4A00CD653C /* main.m */; };
		3CFE7DD020DC9F4A00CD653C /* Info.plist in Resources */ = {isa = PBXBuildFile; fileRef = 3CFE7DCD20DC9F4A00CD653C /* Info.plist */; };
		3CFE7DF820DCA09800CD653C /* Layer1.png in Resources */ = {isa = PBXBuildFile; fileRef = 3CFE7DD320DCA09500CD653C /* Layer1.png */; };
		3CFE7DF920DCA09800CD653C /* icon_落耳铃1.png in Resources */ = {isa = PBXBuildFile; fileRef = 3CFE7DD420DCA09500CD653C /* icon_落耳铃1.png */; };
		3CFE7DFA20DCA09800CD653C /* icon_丝丝蝉鸣.png in Resources */ = {isa = PBXBuildFile; fileRef = 3CFE7DD520DCA09500CD653C /* icon_丝丝蝉鸣.png */; };
		3CFE7DFB20DCA09800CD653C /* icon_悠悠长笛1.png in Resources */ = {isa = PBXBuildFile; fileRef = 3CFE7DD620DCA09500CD653C /* icon_悠悠长笛1.png */; };
		3CFE7DFC20DCA09800CD653C /* icon_清脆风铃1.png in Resources */ = {isa = PBXBuildFile; fileRef = 3CFE7DD720DCA09500CD653C /* icon_清脆风铃1.png */; };
		3CFE7DFD20DCA09800CD653C /* button_bg.png in Resources */ = {isa = PBXBuildFile; fileRef = 3CFE7DD820DCA09500CD653C /* button_bg.png */; };
		3CFE7DFE20DCA09800CD653C /* icon_雷声大作1.png in Resources */ = {isa = PBXBuildFile; fileRef = 3CFE7DD920DCA09500CD653C /* icon_雷声大作1.png */; };
		3CFE7DFF20DCA09800CD653C /* icon_流水潺潺1.png in Resources */ = {isa = PBXBuildFile; fileRef = 3CFE7DDA20DCA09500CD653C /* icon_流水潺潺1.png */; };
		3CFE7E0020DCA09800CD653C /* icon_拍岸潮汐.png in Resources */ = {isa = PBXBuildFile; fileRef = 3CFE7DDB20DCA09500CD653C /* icon_拍岸潮汐.png */; };
		3CFE7E0120DCA09800CD653C /* icon_星火燎原1.png in Resources */ = {isa = PBXBuildFile; fileRef = 3CFE7DDC20DCA09500CD653C /* icon_星火燎原1.png */; };
		3CFE7E0220DCA09800CD653C /* icon_铁轨声1.png in Resources */ = {isa = PBXBuildFile; fileRef = 3CFE7DDD20DCA09500CD653C /* icon_铁轨声1.png */; };
		3CFE7E0320DCA09800CD653C /* icon_檐落春雨1.png in Resources */ = {isa = PBXBuildFile; fileRef = 3CFE7DDE20DCA09500CD653C /* icon_檐落春雨1.png */; };
		3CFE7E0420DCA09800CD653C /* button.png in Resources */ = {isa = PBXBuildFile; fileRef = 3CFE7DDF20DCA09500CD653C /* button.png */; };
		3CFE7E0520DCA09800CD653C /* icon_黑白琴键.png in Resources */ = {isa = PBXBuildFile; fileRef = 3CFE7DE020DCA09500CD653C /* icon_黑白琴键.png */; };
		3CFE7E0620DCA09800CD653C /* icon_拍岸潮汐1.png in Resources */ = {isa = PBXBuildFile; fileRef = 3CFE7DE120DCA09500CD653C /* icon_拍岸潮汐1.png */; };
		3CFE7E0720DCA09800CD653C /* icon_雷声大作.png in Resources */ = {isa = PBXBuildFile; fileRef = 3CFE7DE220DCA09600CD653C /* icon_雷声大作.png */; };
		3CFE7E0820DCA09800CD653C /* icon_星火燎原.png in Resources */ = {isa = PBXBuildFile; fileRef = 3CFE7DE320DCA09600CD653C /* icon_星火燎原.png */; };
		3CFE7E0920DCA09800CD653C /* icon_南风起.png in Resources */ = {isa = PBXBuildFile; fileRef = 3CFE7DE420DCA09600CD653C /* icon_南风起.png */; };
		3CFE7E0A20DCA09800CD653C /* icon_檐落春雨.png in Resources */ = {isa = PBXBuildFile; fileRef = 3CFE7DE520DCA09600CD653C /* icon_檐落春雨.png */; };
		3CFE7E0B20DCA09800CD653C /* icon_铁轨声.png in Resources */ = {isa = PBXBuildFile; fileRef = 3CFE7DE620DCA09600CD653C /* icon_铁轨声.png */; };
		3CFE7E0C20DCA09800CD653C /* Layer0.png in Resources */ = {isa = PBXBuildFile; fileRef = 3CFE7DE720DCA09600CD653C /* Layer0.png */; };
		3CFE7E0D20DCA09800CD653C /* icon_流水潺潺.png in Resources */ = {isa = PBXBuildFile; fileRef = 3CFE7DE820DCA09600CD653C /* icon_流水潺潺.png */; };
		3CFE7E0E20DCA09800CD653C /* icon_黑白琴键1.png in Resources */ = {isa = PBXBuildFile; fileRef = 3CFE7DE920DCA09600CD653C /* icon_黑白琴键1.png */; };
		3CFE7E0F20DCA09800CD653C /* icon_山间水滴.png in Resources */ = {isa = PBXBuildFile; fileRef = 3CFE7DEA20DCA09600CD653C /* icon_山间水滴.png */; };
		3CFE7E1020DCA09800CD653C /* icon_林间清晨1.png in Resources */ = {isa = PBXBuildFile; fileRef = 3CFE7DEB20DCA09600CD653C /* icon_林间清晨1.png */; };
		3CFE7E1120DCA09800CD653C /* icon_乡村夜色1.png in Resources */ = {isa = PBXBuildFile; fileRef = 3CFE7DEC20DCA09600CD653C /* icon_乡村夜色1.png */; };
		3CFE7E1220DCA09800CD653C /* icon_山间水滴1.png in Resources */ = {isa = PBXBuildFile; fileRef = 3CFE7DED20DCA09600CD653C /* icon_山间水滴1.png */; };
		3CFE7E1320DCA09800CD653C /* icon_南风起1.png in Resources */ = {isa = PBXBuildFile; fileRef = 3CFE7DEE20DCA09700CD653C /* icon_南风起1.png */; };
		3CFE7E1420DCA09800CD653C /* bg.jpg in Resources */ = {isa = PBXBuildFile; fileRef = 3CFE7DEF20DCA09700CD653C /* bg.jpg */; };
		3CFE7E1520DCA09800CD653C /* icon_落耳铃.png in Resources */ = {isa = PBXBuildFile; fileRef = 3CFE7DF020DCA09700CD653C /* icon_落耳铃.png */; };
		3CFE7E1620DCA09800CD653C /* icon_丝丝蝉鸣1.png in Resources */ = {isa = PBXBuildFile; fileRef = 3CFE7DF120DCA09700CD653C /* icon_丝丝蝉鸣1.png */; };
		3CFE7E1720DCA09800CD653C /* but_off.png in Resources */ = {isa = PBXBuildFile; fileRef = 3CFE7DF220DCA09700CD653C /* but_off.png */; };
		3CFE7E1820DCA09800CD653C /* icon_悠悠长笛.png in Resources */ = {isa = PBXBuildFile; fileRef = 3CFE7DF320DCA09700CD653C /* icon_悠悠长笛.png */; };
		3CFE7E1920DCA09800CD653C /* but_on.png in Resources */ = {isa = PBXBuildFile; fileRef = 3CFE7DF420DCA09700CD653C /* but_on.png */; };
		3CFE7E1A20DCA09800CD653C /* icon_林间清晨.png in Resources */ = {isa = PBXBuildFile; fileRef = 3CFE7DF520DCA09700CD653C /* icon_林间清晨.png */; };
		3CFE7E1B20DCA09800CD653C /* icon_清脆风铃.png in Resources */ = {isa = PBXBuildFile; fileRef = 3CFE7DF620DCA09700CD653C /* icon_清脆风铃.png */; };
		3CFE7E1C20DCA09800CD653C /* icon_乡村夜色.png in Resources */ = {isa = PBXBuildFile; fileRef = 3CFE7DF720DCA09700CD653C /* icon_乡村夜色.png */; };
		3CFE7E2020DCC09700CD653C /* JTtableViewCell.m in Sources */ = {isa = PBXBuildFile; fileRef = 3CFE7E1E20DCC09700CD653C /* JTtableViewCell.m */; };
		3CFE7E2120DCC09700CD653C /* JTtableViewCell.xib in Resources */ = {isa = PBXBuildFile; fileRef = 3CFE7E1F20DCC09700CD653C /* JTtableViewCell.xib */; };
		3CFE7E2420DCC30500CD653C /* MusicModel.m in Sources */ = {isa = PBXBuildFile; fileRef = 3CFE7E2320DCC30500CD653C /* MusicModel.m */; };
		3CFE7E2B20DCE76700CD653C /* 多云.png in Resources */ = {isa = PBXBuildFile; fileRef = 3CFE7E2520DCE76600CD653C /* 多云.png */; };
		3CFE7E2C20DCE76700CD653C /* 晴天.png in Resources */ = {isa = PBXBuildFile; fileRef = 3CFE7E2620DCE76600CD653C /* 晴天.png */; };
		3CFE7E2D20DCE76700CD653C /* 大雨.png in Resources */ = {isa = PBXBuildFile; fileRef = 3CFE7E2720DCE76600CD653C /* 大雨.png */; };
		3CFE7E2E20DCE76700CD653C /* 小雨.png in Resources */ = {isa = PBXBuildFile; fileRef = 3CFE7E2820DCE76700CD653C /* 小雨.png */; };
		3CFE7E2F20DCE76700CD653C /* 阴天.png in Resources */ = {isa = PBXBuildFile; fileRef = 3CFE7E2920DCE76700CD653C /* 阴天.png */; };
		3CFE7E3020DCE76700CD653C /* 雷阵雨.png in Resources */ = {isa = PBXBuildFile; fileRef = 3CFE7E2A20DCE76700CD653C /* 雷阵雨.png */; };
		3CFE7E3320DDE89600CD653C /* Babbling Brook.mp3 in Resources */ = {isa = PBXBuildFile; fileRef = 3CFE7E3220DDE89600CD653C /* Babbling Brook.mp3 */; };
		3CFE7E3820DDED4100CD653C /* DryLawn Fire.mp3 in Resources */ = {isa = PBXBuildFile; fileRef = 3CFE7E3420DDED4100CD653C /* DryLawn Fire.mp3 */; };
		3CFE7E3920DDED4100CD653C /* Clear Chimes.mp3 in Resources */ = {isa = PBXBuildFile; fileRef = 3CFE7E3520DDED4100CD653C /* Clear Chimes.mp3 */; };
		3CFE7E3A20DDED4100CD653C /* Echo Chimes.mp3 in Resources */ = {isa = PBXBuildFile; fileRef = 3CFE7E3620DDED4100CD653C /* Echo Chimes.mp3 */; };
		3CFE7E3B20DDED4100CD653C /* Dusk Cicadas.mp3 in Resources */ = {isa = PBXBuildFile; fileRef = 3CFE7E3720DDED4100CD653C /* Dusk Cicadas.mp3 */; };
		3CFE7E3D20DDED4900CD653C /* Inside Train.mp3 in Resources */ = {isa = PBXBuildFile; fileRef = 3CFE7E3C20DDED4900CD653C /* Inside Train.mp3 */; };
		3CFE7E3F20DDED5800CD653C /* Leisure Flute.mp3 in Resources */ = {isa = PBXBuildFile; fileRef = 3CFE7E3E20DDED5800CD653C /* Leisure Flute.mp3 */; };
		3CFE7E4120DDED8D00CD653C /* Low Tide.mp3 in Resources */ = {isa = PBXBuildFile; fileRef = 3CFE7E4020DDED8D00CD653C /* Low Tide.mp3 */; };
		3CFE7E4320DDED9500CD653C /* Park Bird.mp3 in Resources */ = {isa = PBXBuildFile; fileRef = 3CFE7E4220DDED9500CD653C /* Park Bird.mp3 */; };
		3CFE7E4520DDED9F00CD653C /* Slient Piano.mp3 in Resources */ = {isa = PBXBuildFile; fileRef = 3CFE7E4420DDED9F00CD653C /* Slient Piano.mp3 */; };
		3CFE7E4720DDEDA600CD653C /* South Wind.mp3 in Resources */ = {isa = PBXBuildFile; fileRef = 3CFE7E4620DDEDA600CD653C /* South Wind.mp3 */; };
		3CFE7E4920DDEDAD00CD653C /* Spring Rainy.mp3 in Resources */ = {isa = PBXBuildFile; fileRef = 3CFE7E4820DDEDAD00CD653C /* Spring Rainy.mp3 */; };
		3CFE7E4B20DDEDB600CD653C /* Thundering.mp3 in Resources */ = {isa = PBXBuildFile; fileRef = 3CFE7E4A20DDEDB600CD653C /* Thundering.mp3 */; };
		3CFE7E4D20DDEDCC00CD653C /* Valley Drip.mp3 in Resources */ = {isa = PBXBuildFile; fileRef = 3CFE7E4C20DDEDCB00CD653C /* Valley Drip.mp3 */; };
		3CFE7E4F20DDEDD300CD653C /* Village Night.mp3 in Resources */ = {isa = PBXBuildFile; fileRef = 3CFE7E4E20DDEDD300CD653C /* Village Night.mp3 */; };
		3CFE7E5720E1CF5500CD653C /* RotateView.m in Sources */ = {isa = PBXBuildFile; fileRef = 3CFE7E5120E1CF5500CD653C /* RotateView.m */; };
		3CFE7E5820E1CF5500CD653C /* 旋钮主体.png in Resources */ = {isa = PBXBuildFile; fileRef = 3CFE7E5420E1CF5500CD653C /* 旋钮主体.png */; };
		3CFE7E5920E1CF5500CD653C /* 旋钮背景.png in Resources */ = {isa = PBXBuildFile; fileRef = 3CFE7E5520E1CF5500CD653C /* 旋钮背景.png */; };
		3CFE7E5A20E1CF5500CD653C /* SDSilderView.m in Sources */ = {isa = PBXBuildFile; fileRef = 3CFE7E5620E1CF5500CD653C /* SDSilderView.m */; };
		3CFE7E6420E3240700CD653C /* SDLaunchWebViewController.m in Sources */ = {isa = PBXBuildFile; fileRef = 3CFE7E5F20E3240700CD653C /* SDLaunchWebViewController.m */; };
		3CFE7E6520E3240700CD653C /* SDLaunchViewController.m in Sources */ = {isa = PBXBuildFile; fileRef = 3CFE7E6020E3240700CD653C /* SDLaunchViewController.m */; };
		3CFE7E6620E3240700CD653C /* 进入应用.png in Resources */ = {isa = PBXBuildFile; fileRef = 3CFE7E6220E3240700CD653C /* 进入应用.png */; };
		3CFE7E7520E343DD00CD653C /* back@2x.png in Resources */ = {isa = PBXBuildFile; fileRef = 3CFE7E6A20E343DC00CD653C /* back@2x.png */; };
		3CFE7E7620E343DD00CD653C /* back@3x.png in Resources */ = {isa = PBXBuildFile; fileRef = 3CFE7E6B20E343DC00CD653C /* back@3x.png */; };
		3CFE7E7720E343DD00CD653C /* XTJWebNavigationViewController.m in Sources */ = {isa = PBXBuildFile; fileRef = 3CFE7E6C20E343DC00CD653C /* XTJWebNavigationViewController.m */; };
		3CFE7E7820E343DD00CD653C /* UIImage+Extension.m in Sources */ = {isa = PBXBuildFile; fileRef = 3CFE7E6E20E343DC00CD653C /* UIImage+Extension.m */; };
		3CFE7E7920E343DD00CD653C /* CountdownView.m in Sources */ = {isa = PBXBuildFile; fileRef = 3CFE7E6F20E343DC00CD653C /* CountdownView.m */; };
		3CFE7E7A20E343DD00CD653C /* ATJWebViewController.m in Sources */ = {isa = PBXBuildFile; fileRef = 3CFE7E7020E343DC00CD653C /* ATJWebViewController.m */; };
		3CFE7E7B20E343DD00CD653C /* ATJURLFailture.m in Sources */ = {isa = PBXBuildFile; fileRef = 3CFE7E7120E343DC00CD653C /* ATJURLFailture.m */; };
		3CFE7E7C20E343DD00CD653C /* back.png in Resources */ = {isa = PBXBuildFile; fileRef = 3CFE7E7420E343DC00CD653C /* back.png */; };
		3CFE7E8220E3709700CD653C /* onepage.jpg in Resources */ = {isa = PBXBuildFile; fileRef = 3CFE7E8120E3709700CD653C /* onepage.jpg */; };
		3CFE7E8520E3995300CD653C /* 未标题-3_02.png in Resources */ = {isa = PBXBuildFile; fileRef = 3CFE7E8420E3995300CD653C /* 未标题-3_02.png */; };
		6BB00E69B3E7F8166D5B5041 /* libPods-JT.a in Frameworks */ = {isa = PBXBuildFile; fileRef = 001B8D84A4526CA59BF93A6E /* libPods-JT.a */; };
/* End PBXBuildFile section */

/* Begin PBXFileReference section */
		001B8D84A4526CA59BF93A6E /* libPods-JT.a */ = {isa = PBXFileReference; explicitFileType = archive.ar; includeInIndex = 0; path = "libPods-JT.a"; sourceTree = BUILT_PRODUCTS_DIR; };
		0E54ACC6216319FF83221D17 /* Pods-JT.release.xcconfig */ = {isa = PBXFileReference; includeInIndex = 1; lastKnownFileType = text.xcconfig; name = "Pods-JT.release.xcconfig"; path = "Pods/Target Support Files/Pods-JT/Pods-JT.release.xcconfig"; sourceTree = "<group>"; };
		3CFE7DA520DC9D6A00CD653C /* JT.app */ = {isa = PBXFileReference; explicitFileType = wrapper.application; includeInIndex = 0; path = JT.app; sourceTree = BUILT_PRODUCTS_DIR; };
		3CFE7DAF20DC9D6B00CD653C /* Base */ = {isa = PBXFileReference; lastKnownFileType = file.storyboard; name = Base; path = Base.lproj/Main.storyboard; sourceTree = "<group>"; };
		3CFE7DB420DC9D6C00CD653C /* Base */ = {isa = PBXFileReference; lastKnownFileType = file.storyboard; name = Base; path = Base.lproj/LaunchScreen.storyboard; sourceTree = "<group>"; };
		3CFE7DBF20DC9F3300CD653C /* AppDelegate.h */ = {isa = PBXFileReference; fileEncoding = 4; lastKnownFileType = sourcecode.c.h; path = AppDelegate.h; sourceTree = "<group>"; };
		3CFE7DC020DC9F3300CD653C /* AppDelegate.m */ = {isa = PBXFileReference; fileEncoding = 4; lastKnownFileType = sourcecode.c.objc; path = AppDelegate.m; sourceTree = "<group>"; };
		3CFE7DC520DC9F4100CD653C /* ViewController.m */ = {isa = PBXFileReference; fileEncoding = 4; lastKnownFileType = sourcecode.c.objc; path = ViewController.m; sourceTree = "<group>"; };
		3CFE7DC620DC9F4100CD653C /* ViewController.h */ = {isa = PBXFileReference; fileEncoding = 4; lastKnownFileType = sourcecode.c.h; path = ViewController.h; sourceTree = "<group>"; };
		3CFE7DCB20DC9F4A00CD653C /* Assets.xcassets */ = {isa = PBXFileReference; lastKnownFileType = folder.assetcatalog; path = Assets.xcassets; sourceTree = "<group>"; };
		3CFE7DCC20DC9F4A00CD653C /* main.m */ = {isa = PBXFileReference; fileEncoding = 4; lastKnownFileType = sourcecode.c.objc; path = main.m; sourceTree = "<group>"; };
		3CFE7DCD20DC9F4A00CD653C /* Info.plist */ = {isa = PBXFileReference; fileEncoding = 4; lastKnownFileType = text.plist.xml; path = Info.plist; sourceTree = "<group>"; };
		3CFE7DD320DCA09500CD653C /* Layer1.png */ = {isa = PBXFileReference; lastKnownFileType = image.png; path = Layer1.png; sourceTree = "<group>"; };
		3CFE7DD420DCA09500CD653C /* icon_落耳铃1.png */ = {isa = PBXFileReference; lastKnownFileType = image.png; path = "icon_落耳铃1.png"; sourceTree = "<group>"; };
		3CFE7DD520DCA09500CD653C /* icon_丝丝蝉鸣.png */ = {isa = PBXFileReference; lastKnownFileType = image.png; path = "icon_丝丝蝉鸣.png"; sourceTree = "<group>"; };
		3CFE7DD620DCA09500CD653C /* icon_悠悠长笛1.png */ = {isa = PBXFileReference; lastKnownFileType = image.png; path = "icon_悠悠长笛1.png"; sourceTree = "<group>"; };
		3CFE7DD720DCA09500CD653C /* icon_清脆风铃1.png */ = {isa = PBXFileReference; lastKnownFileType = image.png; path = "icon_清脆风铃1.png"; sourceTree = "<group>"; };
		3CFE7DD820DCA09500CD653C /* button_bg.png */ = {isa = PBXFileReference; lastKnownFileType = image.png; path = button_bg.png; sourceTree = "<group>"; };
		3CFE7DD920DCA09500CD653C /* icon_雷声大作1.png */ = {isa = PBXFileReference; lastKnownFileType = image.png; path = "icon_雷声大作1.png"; sourceTree = "<group>"; };
		3CFE7DDA20DCA09500CD653C /* icon_流水潺潺1.png */ = {isa = PBXFileReference; lastKnownFileType = image.png; path = "icon_流水潺潺1.png"; sourceTree = "<group>"; };
		3CFE7DDB20DCA09500CD653C /* icon_拍岸潮汐.png */ = {isa = PBXFileReference; lastKnownFileType = image.png; path = "icon_拍岸潮汐.png"; sourceTree = "<group>"; };
		3CFE7DDC20DCA09500CD653C /* icon_星火燎原1.png */ = {isa = PBXFileReference; lastKnownFileType = image.png; path = "icon_星火燎原1.png"; sourceTree = "<group>"; };
		3CFE7DDD20DCA09500CD653C /* icon_铁轨声1.png */ = {isa = PBXFileReference; lastKnownFileType = image.png; path = "icon_铁轨声1.png"; sourceTree = "<group>"; };
		3CFE7DDE20DCA09500CD653C /* icon_檐落春雨1.png */ = {isa = PBXFileReference; lastKnownFileType = image.png; path = "icon_檐落春雨1.png"; sourceTree = "<group>"; };
		3CFE7DDF20DCA09500CD653C /* button.png */ = {isa = PBXFileReference; lastKnownFileType = image.png; path = button.png; sourceTree = "<group>"; };
		3CFE7DE020DCA09500CD653C /* icon_黑白琴键.png */ = {isa = PBXFileReference; lastKnownFileType = image.png; path = "icon_黑白琴键.png"; sourceTree = "<group>"; };
		3CFE7DE120DCA09500CD653C /* icon_拍岸潮汐1.png */ = {isa = PBXFileReference; lastKnownFileType = image.png; path = "icon_拍岸潮汐1.png"; sourceTree = "<group>"; };
		3CFE7DE220DCA09600CD653C /* icon_雷声大作.png */ = {isa = PBXFileReference; lastKnownFileType = image.png; path = "icon_雷声大作.png"; sourceTree = "<group>"; };
		3CFE7DE320DCA09600CD653C /* icon_星火燎原.png */ = {isa = PBXFileReference; lastKnownFileType = image.png; path = "icon_星火燎原.png"; sourceTree = "<group>"; };
		3CFE7DE420DCA09600CD653C /* icon_南风起.png */ = {isa = PBXFileReference; lastKnownFileType = image.png; path = "icon_南风起.png"; sourceTree = "<group>"; };
		3CFE7DE520DCA09600CD653C /* icon_檐落春雨.png */ = {isa = PBXFileReference; lastKnownFileType = image.png; path = "icon_檐落春雨.png"; sourceTree = "<group>"; };
		3CFE7DE620DCA09600CD653C /* icon_铁轨声.png */ = {isa = PBXFileReference; lastKnownFileType = image.png; path = "icon_铁轨声.png"; sourceTree = "<group>"; };
		3CFE7DE720DCA09600CD653C /* Layer0.png */ = {isa = PBXFileReference; lastKnownFileType = image.png; path = Layer0.png; sourceTree = "<group>"; };
		3CFE7DE820DCA09600CD653C /* icon_流水潺潺.png */ = {isa = PBXFileReference; lastKnownFileType = image.png; path = "icon_流水潺潺.png"; sourceTree = "<group>"; };
		3CFE7DE920DCA09600CD653C /* icon_黑白琴键1.png */ = {isa = PBXFileReference; lastKnownFileType = image.png; path = "icon_黑白琴键1.png"; sourceTree = "<group>"; };
		3CFE7DEA20DCA09600CD653C /* icon_山间水滴.png */ = {isa = PBXFileReference; lastKnownFileType = image.png; path = "icon_山间水滴.png"; sourceTree = "<group>"; };
		3CFE7DEB20DCA09600CD653C /* icon_林间清晨1.png */ = {isa = PBXFileReference; lastKnownFileType = image.png; path = "icon_林间清晨1.png"; sourceTree = "<group>"; };
		3CFE7DEC20DCA09600CD653C /* icon_乡村夜色1.png */ = {isa = PBXFileReference; lastKnownFileType = image.png; path = "icon_乡村夜色1.png"; sourceTree = "<group>"; };
		3CFE7DED20DCA09600CD653C /* icon_山间水滴1.png */ = {isa = PBXFileReference; lastKnownFileType = image.png; path = "icon_山间水滴1.png"; sourceTree = "<group>"; };
		3CFE7DEE20DCA09700CD653C /* icon_南风起1.png */ = {isa = PBXFileReference; lastKnownFileType = image.png; path = "icon_南风起1.png"; sourceTree = "<group>"; };
		3CFE7DEF20DCA09700CD653C /* bg.jpg */ = {isa = PBXFileReference; lastKnownFileType = image.jpeg; path = bg.jpg; sourceTree = "<group>"; };
		3CFE7DF020DCA09700CD653C /* icon_落耳铃.png */ = {isa = PBXFileReference; lastKnownFileType = image.png; path = "icon_落耳铃.png"; sourceTree = "<group>"; };
		3CFE7DF120DCA09700CD653C /* icon_丝丝蝉鸣1.png */ = {isa = PBXFileReference; lastKnownFileType = image.png; path = "icon_丝丝蝉鸣1.png"; sourceTree = "<group>"; };
		3CFE7DF220DCA09700CD653C /* but_off.png */ = {isa = PBXFileReference; lastKnownFileType = image.png; path = but_off.png; sourceTree = "<group>"; };
		3CFE7DF320DCA09700CD653C /* icon_悠悠长笛.png */ = {isa = PBXFileReference; lastKnownFileType = image.png; path = "icon_悠悠长笛.png"; sourceTree = "<group>"; };
		3CFE7DF420DCA09700CD653C /* but_on.png */ = {isa = PBXFileReference; lastKnownFileType = image.png; path = but_on.png; sourceTree = "<group>"; };
		3CFE7DF520DCA09700CD653C /* icon_林间清晨.png */ = {isa = PBXFileReference; lastKnownFileType = image.png; path = "icon_林间清晨.png"; sourceTree = "<group>"; };
		3CFE7DF620DCA09700CD653C /* icon_清脆风铃.png */ = {isa = PBXFileReference; lastKnownFileType = image.png; path = "icon_清脆风铃.png"; sourceTree = "<group>"; };
		3CFE7DF720DCA09700CD653C /* icon_乡村夜色.png */ = {isa = PBXFileReference; lastKnownFileType = image.png; path = "icon_乡村夜色.png"; sourceTree = "<group>"; };
		3CFE7E1D20DCC09700CD653C /* JTtableViewCell.h */ = {isa = PBXFileReference; lastKnownFileType = sourcecode.c.h; path = JTtableViewCell.h; sourceTree = "<group>"; };
		3CFE7E1E20DCC09700CD653C /* JTtableViewCell.m */ = {isa = PBXFileReference; lastKnownFileType = sourcecode.c.objc; path = JTtableViewCell.m; sourceTree = "<group>"; };
		3CFE7E1F20DCC09700CD653C /* JTtableViewCell.xib */ = {isa = PBXFileReference; lastKnownFileType = file.xib; path = JTtableViewCell.xib; sourceTree = "<group>"; };
		3CFE7E2220DCC30500CD653C /* MusicModel.h */ = {isa = PBXFileReference; lastKnownFileType = sourcecode.c.h; path = MusicModel.h; sourceTree = "<group>"; };
		3CFE7E2320DCC30500CD653C /* MusicModel.m */ = {isa = PBXFileReference; lastKnownFileType = sourcecode.c.objc; path = MusicModel.m; sourceTree = "<group>"; };
		3CFE7E2520DCE76600CD653C /* 多云.png */ = {isa = PBXFileReference; lastKnownFileType = image.png; path = "多云.png"; sourceTree = "<group>"; };
		3CFE7E2620DCE76600CD653C /* 晴天.png */ = {isa = PBXFileReference; lastKnownFileType = image.png; path = "晴天.png"; sourceTree = "<group>"; };
		3CFE7E2720DCE76600CD653C /* 大雨.png */ = {isa = PBXFileReference; lastKnownFileType = image.png; path = "大雨.png"; sourceTree = "<group>"; };
		3CFE7E2820DCE76700CD653C /* 小雨.png */ = {isa = PBXFileReference; lastKnownFileType = image.png; path = "小雨.png"; sourceTree = "<group>"; };
		3CFE7E2920DCE76700CD653C /* 阴天.png */ = {isa = PBXFileReference; lastKnownFileType = image.png; path = "阴天.png"; sourceTree = "<group>"; };
		3CFE7E2A20DCE76700CD653C /* 雷阵雨.png */ = {isa = PBXFileReference; lastKnownFileType = image.png; path = "雷阵雨.png"; sourceTree = "<group>"; };
		3CFE7E3220DDE89600CD653C /* Babbling Brook.mp3 */ = {isa = PBXFileReference; lastKnownFileType = audio.mp3; path = "Babbling Brook.mp3"; sourceTree = "<group>"; };
		3CFE7E3420DDED4100CD653C /* DryLawn Fire.mp3 */ = {isa = PBXFileReference; lastKnownFileType = audio.mp3; path = "DryLawn Fire.mp3"; sourceTree = "<group>"; };
		3CFE7E3520DDED4100CD653C /* Clear Chimes.mp3 */ = {isa = PBXFileReference; lastKnownFileType = audio.mp3; path = "Clear Chimes.mp3"; sourceTree = "<group>"; };
		3CFE7E3620DDED4100CD653C /* Echo Chimes.mp3 */ = {isa = PBXFileReference; lastKnownFileType = audio.mp3; path = "Echo Chimes.mp3"; sourceTree = "<group>"; };
		3CFE7E3720DDED4100CD653C /* Dusk Cicadas.mp3 */ = {isa = PBXFileReference; lastKnownFileType = audio.mp3; path = "Dusk Cicadas.mp3"; sourceTree = "<group>"; };
		3CFE7E3C20DDED4900CD653C /* Inside Train.mp3 */ = {isa = PBXFileReference; lastKnownFileType = audio.mp3; path = "Inside Train.mp3"; sourceTree = "<group>"; };
		3CFE7E3E20DDED5800CD653C /* Leisure Flute.mp3 */ = {isa = PBXFileReference; lastKnownFileType = audio.mp3; path = "Leisure Flute.mp3"; sourceTree = "<group>"; };
		3CFE7E4020DDED8D00CD653C /* Low Tide.mp3 */ = {isa = PBXFileReference; lastKnownFileType = audio.mp3; path = "Low Tide.mp3"; sourceTree = "<group>"; };
		3CFE7E4220DDED9500CD653C /* Park Bird.mp3 */ = {isa = PBXFileReference; lastKnownFileType = audio.mp3; path = "Park Bird.mp3"; sourceTree = "<group>"; };
		3CFE7E4420DDED9F00CD653C /* Slient Piano.mp3 */ = {isa = PBXFileReference; lastKnownFileType = audio.mp3; path = "Slient Piano.mp3"; sourceTree = "<group>"; };
		3CFE7E4620DDEDA600CD653C /* South Wind.mp3 */ = {isa = PBXFileReference; lastKnownFileType = audio.mp3; path = "South Wind.mp3"; sourceTree = "<group>"; };
		3CFE7E4820DDEDAD00CD653C /* Spring Rainy.mp3 */ = {isa = PBXFileReference; lastKnownFileType = audio.mp3; path = "Spring Rainy.mp3"; sourceTree = "<group>"; };
		3CFE7E4A20DDEDB600CD653C /* Thundering.mp3 */ = {isa = PBXFileReference; lastKnownFileType = audio.mp3; path = Thundering.mp3; sourceTree = "<group>"; };
		3CFE7E4C20DDEDCB00CD653C /* Valley Drip.mp3 */ = {isa = PBXFileReference; lastKnownFileType = audio.mp3; path = "Valley Drip.mp3"; sourceTree = "<group>"; };
		3CFE7E4E20DDEDD300CD653C /* Village Night.mp3 */ = {isa = PBXFileReference; lastKnownFileType = audio.mp3; path = "Village Night.mp3"; sourceTree = "<group>"; };
		3CFE7E5120E1CF5500CD653C /* RotateView.m */ = {isa = PBXFileReference; fileEncoding = 4; lastKnownFileType = sourcecode.c.objc; path = RotateView.m; sourceTree = "<group>"; };
		3CFE7E5220E1CF5500CD653C /* SDSilderView.h */ = {isa = PBXFileReference; fileEncoding = 4; lastKnownFileType = sourcecode.c.h; path = SDSilderView.h; sourceTree = "<group>"; };
		3CFE7E5320E1CF5500CD653C /* RotateView.h */ = {isa = PBXFileReference; fileEncoding = 4; lastKnownFileType = sourcecode.c.h; path = RotateView.h; sourceTree = "<group>"; };
		3CFE7E5420E1CF5500CD653C /* 旋钮主体.png */ = {isa = PBXFileReference; lastKnownFileType = image.png; path = "旋钮主体.png"; sourceTree = "<group>"; };
		3CFE7E5520E1CF5500CD653C /* 旋钮背景.png */ = {isa = PBXFileReference; lastKnownFileType = image.png; path = "旋钮背景.png"; sourceTree = "<group>"; };
		3CFE7E5620E1CF5500CD653C /* SDSilderView.m */ = {isa = PBXFileReference; fileEncoding = 4; lastKnownFileType = sourcecode.c.objc; path = SDSilderView.m; sourceTree = "<group>"; };
		3CFE7E5F20E3240700CD653C /* SDLaunchWebViewController.m */ = {isa = PBXFileReference; fileEncoding = 4; lastKnownFileType = sourcecode.c.objc; path = SDLaunchWebViewController.m; sourceTree = "<group>"; };
		3CFE7E6020E3240700CD653C /* SDLaunchViewController.m */ = {isa = PBXFileReference; fileEncoding = 4; lastKnownFileType = sourcecode.c.objc; path = SDLaunchViewController.m; sourceTree = "<group>"; };
		3CFE7E6120E3240700CD653C /* SDLaunchWebViewController.h */ = {isa = PBXFileReference; fileEncoding = 4; lastKnownFileType = sourcecode.c.h; path = SDLaunchWebViewController.h; sourceTree = "<group>"; };
		3CFE7E6220E3240700CD653C /* 进入应用.png */ = {isa = PBXFileReference; lastKnownFileType = image.png; path = "进入应用.png"; sourceTree = "<group>"; };
		3CFE7E6320E3240700CD653C /* SDLaunchViewController.h */ = {isa = PBXFileReference; fileEncoding = 4; lastKnownFileType = sourcecode.c.h; path = SDLaunchViewController.h; sourceTree = "<group>"; };
		3CFE7E6820E343DC00CD653C /* ATJWebViewController.h */ = {isa = PBXFileReference; fileEncoding = 4; lastKnownFileType = sourcecode.c.h; path = ATJWebViewController.h; sourceTree = "<group>"; };
		3CFE7E6920E343DC00CD653C /* CountdownView.h */ = {isa = PBXFileReference; fileEncoding = 4; lastKnownFileType = sourcecode.c.h; path = CountdownView.h; sourceTree = "<group>"; };
		3CFE7E6A20E343DC00CD653C /* back@2x.png */ = {isa = PBXFileReference; lastKnownFileType = image.png; path = "back@2x.png"; sourceTree = "<group>"; };
		3CFE7E6B20E343DC00CD653C /* back@3x.png */ = {isa = PBXFileReference; lastKnownFileType = image.png; path = "back@3x.png"; sourceTree = "<group>"; };
		3CFE7E6C20E343DC00CD653C /* XTJWebNavigationViewController.m */ = {isa = PBXFileReference; fileEncoding = 4; lastKnownFileType = sourcecode.c.objc; path = XTJWebNavigationViewController.m; sourceTree = "<group>"; };
		3CFE7E6D20E343DC00CD653C /* ATJURLFailture.h */ = {isa = PBXFileReference; fileEncoding = 4; lastKnownFileType = sourcecode.c.h; path = ATJURLFailture.h; sourceTree = "<group>"; };
		3CFE7E6E20E343DC00CD653C /* UIImage+Extension.m */ = {isa = PBXFileReference; fileEncoding = 4; lastKnownFileType = sourcecode.c.objc; path = "UIImage+Extension.m"; sourceTree = "<group>"; };
		3CFE7E6F20E343DC00CD653C /* CountdownView.m */ = {isa = PBXFileReference; fileEncoding = 4; lastKnownFileType = sourcecode.c.objc; path = CountdownView.m; sourceTree = "<group>"; };
		3CFE7E7020E343DC00CD653C /* ATJWebViewController.m */ = {isa = PBXFileReference; fileEncoding = 4; lastKnownFileType = sourcecode.c.objc; path = ATJWebViewController.m; sourceTree = "<group>"; };
		3CFE7E7120E343DC00CD653C /* ATJURLFailture.m */ = {isa = PBXFileReference; fileEncoding = 4; lastKnownFileType = sourcecode.c.objc; path = ATJURLFailture.m; sourceTree = "<group>"; };
		3CFE7E7220E343DC00CD653C /* XTJWebNavigationViewController.h */ = {isa = PBXFileReference; fileEncoding = 4; lastKnownFileType = sourcecode.c.h; path = XTJWebNavigationViewController.h; sourceTree = "<group>"; };
		3CFE7E7320E343DC00CD653C /* UIImage+Extension.h */ = {isa = PBXFileReference; fileEncoding = 4; lastKnownFileType = sourcecode.c.h; path = "UIImage+Extension.h"; sourceTree = "<group>"; };
		3CFE7E7420E343DC00CD653C /* back.png */ = {isa = PBXFileReference; lastKnownFileType = image.png; path = back.png; sourceTree = "<group>"; };
		3CFE7E8120E3709700CD653C /* onepage.jpg */ = {isa = PBXFileReference; lastKnownFileType = image.jpeg; path = onepage.jpg; sourceTree = "<group>"; };
		3CFE7E8320E391F900CD653C /* JT.entitlements */ = {isa = PBXFileReference; lastKnownFileType = text.plist.entitlements; path = JT.entitlements; sourceTree = "<group>"; };
		3CFE7E8420E3995300CD653C /* 未标题-3_02.png */ = {isa = PBXFileReference; lastKnownFileType = image.png; path = "未标题-3_02.png"; sourceTree = "<group>"; };
		B4E1DE15E160A462E80D61F6 /* Pods-JT.debug.xcconfig */ = {isa = PBXFileReference; includeInIndex = 1; lastKnownFileType = text.xcconfig; name = "Pods-JT.debug.xcconfig"; path = "Pods/Target Support Files/Pods-JT/Pods-JT.debug.xcconfig"; sourceTree = "<group>"; };
/* End PBXFileReference section */

/* Begin PBXFrameworksBuildPhase section */
		3CFE7DA220DC9D6A00CD653C /* Frameworks */ = {
			isa = PBXFrameworksBuildPhase;
			buildActionMask = 2147483647;
			files = (
				6BB00E69B3E7F8166D5B5041 /* libPods-JT.a in Frameworks */,
			);
			runOnlyForDeploymentPostprocessing = 0;
		};
/* End PBXFrameworksBuildPhase section */

/* Begin PBXGroup section */
		049B793ADB00E68F1A8A9729 /* Pods */ = {
			isa = PBXGroup;
			children = (
				B4E1DE15E160A462E80D61F6 /* Pods-JT.debug.xcconfig */,
				0E54ACC6216319FF83221D17 /* Pods-JT.release.xcconfig */,
			);
			name = Pods;
			sourceTree = "<group>";
		};
		3CFE7D9C20DC9D6A00CD653C = {
			isa = PBXGroup;
			children = (
				3CFE7DA720DC9D6A00CD653C /* JT */,
				3CFE7DA620DC9D6A00CD653C /* Products */,
				3CFE7E5B20E21A3200CD653C /* Frameworks */,
				049B793ADB00E68F1A8A9729 /* Pods */,
			);
			sourceTree = "<group>";
		};
		3CFE7DA620DC9D6A00CD653C /* Products */ = {
			isa = PBXGroup;
			children = (
				3CFE7DA520DC9D6A00CD653C /* JT.app */,
			);
			name = Products;
			sourceTree = "<group>";
		};
		3CFE7DA720DC9D6A00CD653C /* JT */ = {
			isa = PBXGroup;
			children = (
				3CFE7E8320E391F900CD653C /* JT.entitlements */,
				3CFE7DBE20DC9F3300CD653C /* AppDelegate */,
				3CFE7DC220DC9F4100CD653C /* Main */,
				3CFE7E5E20E3240700CD653C /* SDLaunch(引导页) */,
				3CFE7E5020E1CF5500CD653C /* SDSilderView */,
				3CFE7E6720E343DC00CD653C /* WebView */,
				3CFE7DCA20DC9F4A00CD653C /* Resource */,
			);
			path = JT;
			sourceTree = "<group>";
		};
		3CFE7DBE20DC9F3300CD653C /* AppDelegate */ = {
			isa = PBXGroup;
			children = (
				3CFE7DBF20DC9F3300CD653C /* AppDelegate.h */,
				3CFE7DC020DC9F3300CD653C /* AppDelegate.m */,
			);
			path = AppDelegate;
			sourceTree = "<group>";
		};
		3CFE7DC220DC9F4100CD653C /* Main */ = {
			isa = PBXGroup;
			children = (
				3CFE7DC320DC9F4100CD653C /* Home */,
			);
			path = Main;
			sourceTree = "<group>";
		};
		3CFE7DC320DC9F4100CD653C /* Home */ = {
			isa = PBXGroup;
			children = (
				3CFE7DC420DC9F4100CD653C /* Controller */,
				3CFE7DC720DC9F4100CD653C /* Model */,
				3CFE7DC820DC9F4100CD653C /* View */,
				3CFE7DD120DCA06200CD653C /* Resource */,
			);
			path = Home;
			sourceTree = "<group>";
		};
		3CFE7DC420DC9F4100CD653C /* Controller */ = {
			isa = PBXGroup;
			children = (
				3CFE7DC620DC9F4100CD653C /* ViewController.h */,
				3CFE7DC520DC9F4100CD653C /* ViewController.m */,
			);
			path = Controller;
			sourceTree = "<group>";
		};
		3CFE7DC720DC9F4100CD653C /* Model */ = {
			isa = PBXGroup;
			children = (
				3CFE7E2220DCC30500CD653C /* MusicModel.h */,
				3CFE7E2320DCC30500CD653C /* MusicModel.m */,
			);
			path = Model;
			sourceTree = "<group>";
		};
		3CFE7DC820DC9F4100CD653C /* View */ = {
			isa = PBXGroup;
			children = (
				3CFE7E1D20DCC09700CD653C /* JTtableViewCell.h */,
				3CFE7E1E20DCC09700CD653C /* JTtableViewCell.m */,
				3CFE7E1F20DCC09700CD653C /* JTtableViewCell.xib */,
			);
			path = View;
			sourceTree = "<group>";
		};
		3CFE7DCA20DC9F4A00CD653C /* Resource */ = {
			isa = PBXGroup;
			children = (
				3CFE7E8120E3709700CD653C /* onepage.jpg */,
				3CFE7E8420E3995300CD653C /* 未标题-3_02.png */,
				3CFE7DCB20DC9F4A00CD653C /* Assets.xcassets */,
				3CFE7DCC20DC9F4A00CD653C /* main.m */,
				3CFE7DCD20DC9F4A00CD653C /* Info.plist */,
				3CFE7DAE20DC9D6B00CD653C /* Main.storyboard */,
				3CFE7DB320DC9D6C00CD653C /* LaunchScreen.storyboard */,
			);
			path = Resource;
			sourceTree = "<group>";
		};
		3CFE7DD120DCA06200CD653C /* Resource */ = {
			isa = PBXGroup;
			children = (
				3CFE7DD220DCA06200CD653C /* Image */,
				3CFE7E3120DDE80700CD653C /* Music */,
			);
			path = Resource;
			sourceTree = "<group>";
		};
		3CFE7DD220DCA06200CD653C /* Image */ = {
			isa = PBXGroup;
			children = (
				3CFE7DEF20DCA09700CD653C /* bg.jpg */,
				3CFE7DF220DCA09700CD653C /* but_off.png */,
				3CFE7DF420DCA09700CD653C /* but_on.png */,
				3CFE7DD820DCA09500CD653C /* button_bg.png */,
				3CFE7DDF20DCA09500CD653C /* button.png */,
				3CFE7DE020DCA09500CD653C /* icon_黑白琴键.png */,
				3CFE7DE920DCA09600CD653C /* icon_黑白琴键1.png */,
				3CFE7DE220DCA09600CD653C /* icon_雷声大作.png */,
				3CFE7DD920DCA09500CD653C /* icon_雷声大作1.png */,
				3CFE7DF520DCA09700CD653C /* icon_林间清晨.png */,
				3CFE7DEB20DCA09600CD653C /* icon_林间清晨1.png */,
				3CFE7DE820DCA09600CD653C /* icon_流水潺潺.png */,
				3CFE7DDA20DCA09500CD653C /* icon_流水潺潺1.png */,
				3CFE7DF020DCA09700CD653C /* icon_落耳铃.png */,
				3CFE7DD420DCA09500CD653C /* icon_落耳铃1.png */,
				3CFE7DE420DCA09600CD653C /* icon_南风起.png */,
				3CFE7DEE20DCA09700CD653C /* icon_南风起1.png */,
				3CFE7DDB20DCA09500CD653C /* icon_拍岸潮汐.png */,
				3CFE7DE120DCA09500CD653C /* icon_拍岸潮汐1.png */,
				3CFE7DF620DCA09700CD653C /* icon_清脆风铃.png */,
				3CFE7DD720DCA09500CD653C /* icon_清脆风铃1.png */,
				3CFE7DEA20DCA09600CD653C /* icon_山间水滴.png */,
				3CFE7DED20DCA09600CD653C /* icon_山间水滴1.png */,
				3CFE7DD520DCA09500CD653C /* icon_丝丝蝉鸣.png */,
				3CFE7DF120DCA09700CD653C /* icon_丝丝蝉鸣1.png */,
				3CFE7DE620DCA09600CD653C /* icon_铁轨声.png */,
				3CFE7DDD20DCA09500CD653C /* icon_铁轨声1.png */,
				3CFE7DF720DCA09700CD653C /* icon_乡村夜色.png */,
				3CFE7DEC20DCA09600CD653C /* icon_乡村夜色1.png */,
				3CFE7DE320DCA09600CD653C /* icon_星火燎原.png */,
				3CFE7DDC20DCA09500CD653C /* icon_星火燎原1.png */,
				3CFE7DE520DCA09600CD653C /* icon_檐落春雨.png */,
				3CFE7DDE20DCA09500CD653C /* icon_檐落春雨1.png */,
				3CFE7DF320DCA09700CD653C /* icon_悠悠长笛.png */,
				3CFE7DD620DCA09500CD653C /* icon_悠悠长笛1.png */,
				3CFE7DE720DCA09600CD653C /* Layer0.png */,
				3CFE7DD320DCA09500CD653C /* Layer1.png */,
				3CFE7E2720DCE76600CD653C /* 大雨.png */,
				3CFE7E2520DCE76600CD653C /* 多云.png */,
				3CFE7E2A20DCE76700CD653C /* 雷阵雨.png */,
				3CFE7E2620DCE76600CD653C /* 晴天.png */,
				3CFE7E2820DCE76700CD653C /* 小雨.png */,
				3CFE7E2920DCE76700CD653C /* 阴天.png */,
			);
			path = Image;
			sourceTree = "<group>";
		};
		3CFE7E3120DDE80700CD653C /* Music */ = {
			isa = PBXGroup;
			children = (
				3CFE7E3220DDE89600CD653C /* Babbling Brook.mp3 */,
				3CFE7E3520DDED4100CD653C /* Clear Chimes.mp3 */,
				3CFE7E3420DDED4100CD653C /* DryLawn Fire.mp3 */,
				3CFE7E3720DDED4100CD653C /* Dusk Cicadas.mp3 */,
				3CFE7E3620DDED4100CD653C /* Echo Chimes.mp3 */,
				3CFE7E3C20DDED4900CD653C /* Inside Train.mp3 */,
				3CFE7E3E20DDED5800CD653C /* Leisure Flute.mp3 */,
				3CFE7E4020DDED8D00CD653C /* Low Tide.mp3 */,
				3CFE7E4220DDED9500CD653C /* Park Bird.mp3 */,
				3CFE7E4420DDED9F00CD653C /* Slient Piano.mp3 */,
				3CFE7E4620DDEDA600CD653C /* South Wind.mp3 */,
				3CFE7E4820DDEDAD00CD653C /* Spring Rainy.mp3 */,
				3CFE7E4A20DDEDB600CD653C /* Thundering.mp3 */,
				3CFE7E4C20DDEDCB00CD653C /* Valley Drip.mp3 */,
				3CFE7E4E20DDEDD300CD653C /* Village Night.mp3 */,
			);
			path = Music;
			sourceTree = "<group>";
		};
		3CFE7E5020E1CF5500CD653C /* SDSilderView */ = {
			isa = PBXGroup;
			children = (
				3CFE7E5120E1CF5500CD653C /* RotateView.m */,
				3CFE7E5220E1CF5500CD653C /* SDSilderView.h */,
				3CFE7E5320E1CF5500CD653C /* RotateView.h */,
				3CFE7E5420E1CF5500CD653C /* 旋钮主体.png */,
				3CFE7E5520E1CF5500CD653C /* 旋钮背景.png */,
				3CFE7E5620E1CF5500CD653C /* SDSilderView.m */,
			);
			path = SDSilderView;
			sourceTree = "<group>";
		};
		3CFE7E5B20E21A3200CD653C /* Frameworks */ = {
			isa = PBXGroup;
			children = (
				001B8D84A4526CA59BF93A6E /* libPods-JT.a */,
			);
			name = Frameworks;
			sourceTree = "<group>";
		};
		3CFE7E5E20E3240700CD653C /* SDLaunch(引导页) */ = {
			isa = PBXGroup;
			children = (
				3CFE7E5F20E3240700CD653C /* SDLaunchWebViewController.m */,
				3CFE7E6020E3240700CD653C /* SDLaunchViewController.m */,
				3CFE7E6120E3240700CD653C /* SDLaunchWebViewController.h */,
				3CFE7E6220E3240700CD653C /* 进入应用.png */,
				3CFE7E6320E3240700CD653C /* SDLaunchViewController.h */,
			);
			path = "SDLaunch(引导页)";
			sourceTree = "<group>";
		};
		3CFE7E6720E343DC00CD653C /* WebView */ = {
			isa = PBXGroup;
			children = (
				3CFE7E6820E343DC00CD653C /* ATJWebViewController.h */,
				3CFE7E6920E343DC00CD653C /* CountdownView.h */,
				3CFE7E6A20E343DC00CD653C /* back@2x.png */,
				3CFE7E6B20E343DC00CD653C /* back@3x.png */,
				3CFE7E6C20E343DC00CD653C /* XTJWebNavigationViewController.m */,
				3CFE7E6D20E343DC00CD653C /* ATJURLFailture.h */,
				3CFE7E6E20E343DC00CD653C /* UIImage+Extension.m */,
				3CFE7E6F20E343DC00CD653C /* CountdownView.m */,
				3CFE7E7020E343DC00CD653C /* ATJWebViewController.m */,
				3CFE7E7120E343DC00CD653C /* ATJURLFailture.m */,
				3CFE7E7220E343DC00CD653C /* XTJWebNavigationViewController.h */,
				3CFE7E7320E343DC00CD653C /* UIImage+Extension.h */,
				3CFE7E7420E343DC00CD653C /* back.png */,
			);
			path = WebView;
			sourceTree = "<group>";
		};
/* End PBXGroup section */

/* Begin PBXNativeTarget section */
		3CFE7DA420DC9D6A00CD653C /* JT */ = {
			isa = PBXNativeTarget;
			buildConfigurationList = 3CFE7DBB20DC9D6C00CD653C /* Build configuration list for PBXNativeTarget "JT" */;
			buildPhases = (
				8FA2B049517C0ABD8D8C0D6A /* [CP] Check Pods Manifest.lock */,
				3CFE7DA120DC9D6A00CD653C /* Sources */,
				3CFE7DA220DC9D6A00CD653C /* Frameworks */,
				3CFE7DA320DC9D6A00CD653C /* Resources */,
				F773E1414A3AD0C6F9801F71 /* [CP] Copy Pods Resources */,
			);
			buildRules = (
			);
			dependencies = (
			);
			name = JT;
			productName = JT;
			productReference = 3CFE7DA520DC9D6A00CD653C /* JT.app */;
			productType = "com.apple.product-type.application";
		};
/* End PBXNativeTarget section */

/* Begin PBXProject section */
		3CFE7D9D20DC9D6A00CD653C /* Project object */ = {
			isa = PBXProject;
			attributes = {
				LastUpgradeCheck = 0940;
				ORGANIZATIONNAME = ZX;
				TargetAttributes = {
					3CFE7DA420DC9D6A00CD653C = {
						CreatedOnToolsVersion = 9.4.1;
						SystemCapabilities = {
							com.apple.BackgroundModes = {
								enabled = 1;
							};
							com.apple.Maps.iOS = {
								enabled = 0;
							};
							com.apple.Push = {
								enabled = 1;
							};
						};
					};
				};
			};
			buildConfigurationList = 3CFE7DA020DC9D6A00CD653C /* Build configuration list for PBXProject "JT" */;
			compatibilityVersion = "Xcode 9.3";
			developmentRegion = en;
			hasScannedForEncodings = 0;
			knownRegions = (
				en,
				Base,
			);
			mainGroup = 3CFE7D9C20DC9D6A00CD653C;
			productRefGroup = 3CFE7DA620DC9D6A00CD653C /* Products */;
			projectDirPath = "";
			projectRoot = "";
			targets = (
				3CFE7DA420DC9D6A00CD653C /* JT */,
			);
		};
/* End PBXProject section */

/* Begin PBXResourcesBuildPhase section */
		3CFE7DA320DC9D6A00CD653C /* Resources */ = {
			isa = PBXResourcesBuildPhase;
			buildActionMask = 2147483647;
			files = (
				3CFE7DF920DCA09800CD653C /* icon_落耳铃1.png in Resources */,
				3CFE7E1220DCA09800CD653C /* icon_山间水滴1.png in Resources */,
				3CFE7E7620E343DD00CD653C /* back@3x.png in Resources */,
				3CFE7E5820E1CF5500CD653C /* 旋钮主体.png in Resources */,
				3CFE7E1C20DCA09800CD653C /* icon_乡村夜色.png in Resources */,
				3CFE7E1920DCA09800CD653C /* but_on.png in Resources */,
				3CFE7E4F20DDEDD300CD653C /* Village Night.mp3 in Resources */,
				3CFE7E3B20DDED4100CD653C /* Dusk Cicadas.mp3 in Resources */,
				3CFE7E0220DCA09800CD653C /* icon_铁轨声1.png in Resources */,
				3CFE7E1120DCA09800CD653C /* icon_乡村夜色1.png in Resources */,
				3CFE7E6620E3240700CD653C /* 进入应用.png in Resources */,
				3CFE7E0E20DCA09800CD653C /* icon_黑白琴键1.png in Resources */,
				3CFE7E2120DCC09700CD653C /* JTtableViewCell.xib in Resources */,
				3CFE7E3920DDED4100CD653C /* Clear Chimes.mp3 in Resources */,
				3CFE7E4120DDED8D00CD653C /* Low Tide.mp3 in Resources */,
				3CFE7DFA20DCA09800CD653C /* icon_丝丝蝉鸣.png in Resources */,
				3CFE7E1520DCA09800CD653C /* icon_落耳铃.png in Resources */,
				3CFE7E2E20DCE76700CD653C /* 小雨.png in Resources */,
				3CFE7E4B20DDEDB600CD653C /* Thundering.mp3 in Resources */,
				3CFE7E1720DCA09800CD653C /* but_off.png in Resources */,
				3CFE7E0D20DCA09800CD653C /* icon_流水潺潺.png in Resources */,
				3CFE7E0A20DCA09800CD653C /* icon_檐落春雨.png in Resources */,
				3CFE7DD020DC9F4A00CD653C /* Info.plist in Resources */,
				3CFE7E0320DCA09800CD653C /* icon_檐落春雨1.png in Resources */,
				3CFE7E0920DCA09800CD653C /* icon_南风起.png in Resources */,
				3CFE7E1A20DCA09800CD653C /* icon_林间清晨.png in Resources */,
				3CFE7DB520DC9D6C00CD653C /* LaunchScreen.storyboard in Resources */,
				3CFE7E0B20DCA09800CD653C /* icon_铁轨声.png in Resources */,
				3CFE7E7520E343DD00CD653C /* back@2x.png in Resources */,
				3CFE7E0C20DCA09800CD653C /* Layer0.png in Resources */,
				3CFE7E2F20DCE76700CD653C /* 阴天.png in Resources */,
				3CFE7E2D20DCE76700CD653C /* 大雨.png in Resources */,
				3CFE7E0720DCA09800CD653C /* icon_雷声大作.png in Resources */,
				3CFE7E3D20DDED4900CD653C /* Inside Train.mp3 in Resources */,
				3CFE7E0F20DCA09800CD653C /* icon_山间水滴.png in Resources */,
				3CFE7DFB20DCA09800CD653C /* icon_悠悠长笛1.png in Resources */,
				3CFE7E2B20DCE76700CD653C /* 多云.png in Resources */,
				3CFE7E1620DCA09800CD653C /* icon_丝丝蝉鸣1.png in Resources */,
				3CFE7E0420DCA09800CD653C /* button.png in Resources */,
				3CFE7E0020DCA09800CD653C /* icon_拍岸潮汐.png in Resources */,
				3CFE7E3020DCE76700CD653C /* 雷阵雨.png in Resources */,
				3CFE7E4720DDEDA600CD653C /* South Wind.mp3 in Resources */,
				3CFE7E4920DDEDAD00CD653C /* Spring Rainy.mp3 in Resources */,
				3CFE7E4320DDED9500CD653C /* Park Bird.mp3 in Resources */,
				3CFE7DFC20DCA09800CD653C /* icon_清脆风铃1.png in Resources */,
				3CFE7E0520DCA09800CD653C /* icon_黑白琴键.png in Resources */,
				3CFE7E1320DCA09800CD653C /* icon_南风起1.png in Resources */,
				3CFE7E2C20DCE76700CD653C /* 晴天.png in Resources */,
				3CFE7E3320DDE89600CD653C /* Babbling Brook.mp3 in Resources */,
				3CFE7E3A20DDED4100CD653C /* Echo Chimes.mp3 in Resources */,
				3CFE7E4520DDED9F00CD653C /* Slient Piano.mp3 in Resources */,
				3CFE7E0120DCA09800CD653C /* icon_星火燎原1.png in Resources */,
				3CFE7DFD20DCA09800CD653C /* button_bg.png in Resources */,
				3CFE7E1020DCA09800CD653C /* icon_林间清晨1.png in Resources */,
				3CFE7E3820DDED4100CD653C /* DryLawn Fire.mp3 in Resources */,
				3CFE7E5920E1CF5500CD653C /* 旋钮背景.png in Resources */,
				3CFE7E0820DCA09800CD653C /* icon_星火燎原.png in Resources */,
				3CFE7DCE20DC9F4A00CD653C /* Assets.xcassets in Resources */,
				3CFE7DB020DC9D6B00CD653C /* Main.storyboard in Resources */,
				3CFE7E8220E3709700CD653C /* onepage.jpg in Resources */,
				3CFE7DF820DCA09800CD653C /* Layer1.png in Resources */,
				3CFE7E8520E3995300CD653C /* 未标题-3_02.png in Resources */,
				3CFE7E1820DCA09800CD653C /* icon_悠悠长笛.png in Resources */,
				3CFE7E0620DCA09800CD653C /* icon_拍岸潮汐1.png in Resources */,
				3CFE7E7C20E343DD00CD653C /* back.png in Resources */,
				3CFE7E1B20DCA09800CD653C /* icon_清脆风铃.png in Resources */,
				3CFE7E3F20DDED5800CD653C /* Leisure Flute.mp3 in Resources */,
				3CFE7DFE20DCA09800CD653C /* icon_雷声大作1.png in Resources */,
				3CFE7E1420DCA09800CD653C /* bg.jpg in Resources */,
				3CFE7DFF20DCA09800CD653C /* icon_流水潺潺1.png in Resources */,
				3CFE7E4D20DDEDCC00CD653C /* Valley Drip.mp3 in Resources */,
			);
			runOnlyForDeploymentPostprocessing = 0;
		};
/* End PBXResourcesBuildPhase section */

/* Begin PBXShellScriptBuildPhase section */
		8FA2B049517C0ABD8D8C0D6A /* [CP] Check Pods Manifest.lock */ = {
			isa = PBXShellScriptBuildPhase;
			buildActionMask = 2147483647;
			files = (
			);
			inputPaths = (
				"${PODS_PODFILE_DIR_PATH}/Podfile.lock",
				"${PODS_ROOT}/Manifest.lock",
			);
			name = "[CP] Check Pods Manifest.lock";
			outputPaths = (
				"$(DERIVED_FILE_DIR)/Pods-JT-checkManifestLockResult.txt",
			);
			runOnlyForDeploymentPostprocessing = 0;
			shellPath = /bin/sh;
			shellScript = "diff \"${PODS_PODFILE_DIR_PATH}/Podfile.lock\" \"${PODS_ROOT}/Manifest.lock\" > /dev/null\nif [ $? != 0 ] ; then\n    # print error to STDERR\n    echo \"error: The sandbox is not in sync with the Podfile.lock. Run 'pod install' or update your CocoaPods installation.\" >&2\n    exit 1\nfi\n# This output is used by Xcode 'outputs' to avoid re-running this script phase.\necho \"SUCCESS\" > \"${SCRIPT_OUTPUT_FILE_0}\"\n";
			showEnvVarsInLog = 0;
		};
		F773E1414A3AD0C6F9801F71 /* [CP] Copy Pods Resources */ = {
			isa = PBXShellScriptBuildPhase;
			buildActionMask = 2147483647;
			files = (
			);
			inputPaths = (
				"${SRCROOT}/Pods/Target Support Files/Pods-JT/Pods-JT-resources.sh",
				"${PODS_ROOT}/MJRefresh/MJRefresh/MJRefresh.bundle",
			);
			name = "[CP] Copy Pods Resources";
			outputPaths = (
				"${TARGET_BUILD_DIR}/${UNLOCALIZED_RESOURCES_FOLDER_PATH}/MJRefresh.bundle",
			);
			runOnlyForDeploymentPostprocessing = 0;
			shellPath = /bin/sh;
			shellScript = "\"${SRCROOT}/Pods/Target Support Files/Pods-JT/Pods-JT-resources.sh\"\n";
			showEnvVarsInLog = 0;
		};
/* End PBXShellScriptBuildPhase section */

/* Begin PBXSourcesBuildPhase section */
		3CFE7DA120DC9D6A00CD653C /* Sources */ = {
			isa = PBXSourcesBuildPhase;
			buildActionMask = 2147483647;
			files = (
				3CFE7E7A20E343DD00CD653C /* ATJWebViewController.m in Sources */,
				3CFE7DC920DC9F4100CD653C /* ViewController.m in Sources */,
				3CFE7E5A20E1CF5500CD653C /* SDSilderView.m in Sources */,
				3CFE7E7920E343DD00CD653C /* CountdownView.m in Sources */,
				3CFE7E7720E343DD00CD653C /* XTJWebNavigationViewController.m in Sources */,
				3CFE7E5720E1CF5500CD653C /* RotateView.m in Sources */,
				3CFE7E2020DCC09700CD653C /* JTtableViewCell.m in Sources */,
				3CFE7DCF20DC9F4A00CD653C /* main.m in Sources */,
				3CFE7E6520E3240700CD653C /* SDLaunchViewController.m in Sources */,
				3CFE7E6420E3240700CD653C /* SDLaunchWebViewController.m in Sources */,
				3CFE7E2420DCC30500CD653C /* MusicModel.m in Sources */,
				3CFE7E7B20E343DD00CD653C /* ATJURLFailture.m in Sources */,
				3CFE7E7820E343DD00CD653C /* UIImage+Extension.m in Sources */,
				3CFE7DC120DC9F3300CD653C /* AppDelegate.m in Sources */,
			);
			runOnlyForDeploymentPostprocessing = 0;
		};
/* End PBXSourcesBuildPhase section */

/* Begin PBXVariantGroup section */
		3CFE7DAE20DC9D6B00CD653C /* Main.storyboard */ = {
			isa = PBXVariantGroup;
			children = (
				3CFE7DAF20DC9D6B00CD653C /* Base */,
			);
			name = Main.storyboard;
			sourceTree = "<group>";
		};
		3CFE7DB320DC9D6C00CD653C /* LaunchScreen.storyboard */ = {
			isa = PBXVariantGroup;
			children = (
				3CFE7DB420DC9D6C00CD653C /* Base */,
			);
			name = LaunchScreen.storyboard;
			sourceTree = "<group>";
		};
/* End PBXVariantGroup section */

/* Begin XCBuildConfiguration section */
		3CFE7DB920DC9D6C00CD653C /* Debug */ = {
			isa = XCBuildConfiguration;
			buildSettings = {
				ALWAYS_SEARCH_USER_PATHS = NO;
				CLANG_ANALYZER_NONNULL = YES;
				CLANG_ANALYZER_NUMBER_OBJECT_CONVERSION = YES_AGGRESSIVE;
				CLANG_CXX_LANGUAGE_STANDARD = "gnu++14";
				CLANG_CXX_LIBRARY = "libc++";
				CLANG_ENABLE_MODULES = YES;
				CLANG_ENABLE_OBJC_ARC = YES;
				CLANG_ENABLE_OBJC_WEAK = YES;
				CLANG_WARN_BLOCK_CAPTURE_AUTORELEASING = YES;
				CLANG_WARN_BOOL_CONVERSION = YES;
				CLANG_WARN_COMMA = YES;
				CLANG_WARN_CONSTANT_CONVERSION = YES;
				CLANG_WARN_DEPRECATED_OBJC_IMPLEMENTATIONS = YES;
				CLANG_WARN_DIRECT_OBJC_ISA_USAGE = YES_ERROR;
				CLANG_WARN_DOCUMENTATION_COMMENTS = YES;
				CLANG_WARN_EMPTY_BODY = YES;
				CLANG_WARN_ENUM_CONVERSION = YES;
				CLANG_WARN_INFINITE_RECURSION = YES;
				CLANG_WARN_INT_CONVERSION = YES;
				CLANG_WARN_NON_LITERAL_NULL_CONVERSION = YES;
				CLANG_WARN_OBJC_IMPLICIT_RETAIN_SELF = YES;
				CLANG_WARN_OBJC_LITERAL_CONVERSION = YES;
				CLANG_WARN_OBJC_ROOT_CLASS = YES_ERROR;
				CLANG_WARN_RANGE_LOOP_ANALYSIS = YES;
				CLANG_WARN_STRICT_PROTOTYPES = YES;
				CLANG_WARN_SUSPICIOUS_MOVE = YES;
				CLANG_WARN_UNGUARDED_AVAILABILITY = YES_AGGRESSIVE;
				CLANG_WARN_UNREACHABLE_CODE = YES;
				CLANG_WARN__DUPLICATE_METHOD_MATCH = YES;
				CODE_SIGN_IDENTITY = "iPhone Developer";
				COPY_PHASE_STRIP = NO;
				DEBUG_INFORMATION_FORMAT = dwarf;
				ENABLE_STRICT_OBJC_MSGSEND = YES;
				ENABLE_TESTABILITY = YES;
				GCC_C_LANGUAGE_STANDARD = gnu11;
				GCC_DYNAMIC_NO_PIC = NO;
				GCC_NO_COMMON_BLOCKS = YES;
				GCC_OPTIMIZATION_LEVEL = 0;
				GCC_PREPROCESSOR_DEFINITIONS = (
					"DEBUG=1",
					"$(inherited)",
				);
				GCC_WARN_64_TO_32_BIT_CONVERSION = YES;
				GCC_WARN_ABOUT_RETURN_TYPE = YES_ERROR;
				GCC_WARN_UNDECLARED_SELECTOR = YES;
				GCC_WARN_UNINITIALIZED_AUTOS = YES_AGGRESSIVE;
				GCC_WARN_UNUSED_FUNCTION = YES;
				GCC_WARN_UNUSED_VARIABLE = YES;
				IPHONEOS_DEPLOYMENT_TARGET = 11.4;
				MTL_ENABLE_DEBUG_INFO = YES;
				ONLY_ACTIVE_ARCH = YES;
				SDKROOT = iphoneos;
			};
			name = Debug;
		};
		3CFE7DBA20DC9D6C00CD653C /* Release */ = {
			isa = XCBuildConfiguration;
			buildSettings = {
				ALWAYS_SEARCH_USER_PATHS = NO;
				CLANG_ANALYZER_NONNULL = YES;
				CLANG_ANALYZER_NUMBER_OBJECT_CONVERSION = YES_AGGRESSIVE;
				CLANG_CXX_LANGUAGE_STANDARD = "gnu++14";
				CLANG_CXX_LIBRARY = "libc++";
				CLANG_ENABLE_MODULES = YES;
				CLANG_ENABLE_OBJC_ARC = YES;
				CLANG_ENABLE_OBJC_WEAK = YES;
				CLANG_WARN_BLOCK_CAPTURE_AUTORELEASING = YES;
				CLANG_WARN_BOOL_CONVERSION = YES;
				CLANG_WARN_COMMA = YES;
				CLANG_WARN_CONSTANT_CONVERSION = YES;
				CLANG_WARN_DEPRECATED_OBJC_IMPLEMENTATIONS = YES;
				CLANG_WARN_DIRECT_OBJC_ISA_USAGE = YES_ERROR;
				CLANG_WARN_DOCUMENTATION_COMMENTS = YES;
				CLANG_WARN_EMPTY_BODY = YES;
				CLANG_WARN_ENUM_CONVERSION = YES;
				CLANG_WARN_INFINITE_RECURSION = YES;
				CLANG_WARN_INT_CONVERSION = YES;
				CLANG_WARN_NON_LITERAL_NULL_CONVERSION = YES;
				CLANG_WARN_OBJC_IMPLICIT_RETAIN_SELF = YES;
				CLANG_WARN_OBJC_LITERAL_CONVERSION = YES;
				CLANG_WARN_OBJC_ROOT_CLASS = YES_ERROR;
				CLANG_WARN_RANGE_LOOP_ANALYSIS = YES;
				CLANG_WARN_STRICT_PROTOTYPES = YES;
				CLANG_WARN_SUSPICIOUS_MOVE = YES;
				CLANG_WARN_UNGUARDED_AVAILABILITY = YES_AGGRESSIVE;
				CLANG_WARN_UNREACHABLE_CODE = YES;
				CLANG_WARN__DUPLICATE_METHOD_MATCH = YES;
				CODE_SIGN_IDENTITY = "iPhone Developer";
				COPY_PHASE_STRIP = NO;
				DEBUG_INFORMATION_FORMAT = "dwarf-with-dsym";
				ENABLE_NS_ASSERTIONS = NO;
				ENABLE_STRICT_OBJC_MSGSEND = YES;
				GCC_C_LANGUAGE_STANDARD = gnu11;
				GCC_NO_COMMON_BLOCKS = YES;
				GCC_WARN_64_TO_32_BIT_CONVERSION = YES;
				GCC_WARN_ABOUT_RETURN_TYPE = YES_ERROR;
				GCC_WARN_UNDECLARED_SELECTOR = YES;
				GCC_WARN_UNINITIALIZED_AUTOS = YES_AGGRESSIVE;
				GCC_WARN_UNUSED_FUNCTION = YES;
				GCC_WARN_UNUSED_VARIABLE = YES;
				IPHONEOS_DEPLOYMENT_TARGET = 11.4;
				MTL_ENABLE_DEBUG_INFO = NO;
				SDKROOT = iphoneos;
				VALIDATE_PRODUCT = YES;
			};
			name = Release;
		};
		3CFE7DBC20DC9D6C00CD653C /* Debug */ = {
			isa = XCBuildConfiguration;
			baseConfigurationReference = B4E1DE15E160A462E80D61F6 /* Pods-JT.debug.xcconfig */;
			buildSettings = {
				ASSETCATALOG_COMPILER_APPICON_NAME = AppIcon;
				ASSETCATALOG_COMPILER_LAUNCHIMAGE_NAME = LaunchImage;
				CODE_SIGN_ENTITLEMENTS = JT/JT.entitlements;
				CODE_SIGN_STYLE = Automatic;
				DEVELOPMENT_TEAM = JNF86A6DCM;
				INFOPLIST_FILE = "${SRCROOT}/JT/Resource/Info.plist";
				LD_RUNPATH_SEARCH_PATHS = (
					"$(inherited)",
					"@executable_path/Frameworks",
				);
				PRODUCT_BUNDLE_IDENTIFIER = com.zx.JT;
				PRODUCT_NAME = "$(TARGET_NAME)";
				TARGETED_DEVICE_FAMILY = 1;
			};
			name = Debug;
		};
		3CFE7DBD20DC9D6C00CD653C /* Release */ = {
			isa = XCBuildConfiguration;
			baseConfigurationReference = 0E54ACC6216319FF83221D17 /* Pods-JT.release.xcconfig */;
			buildSettings = {
				ASSETCATALOG_COMPILER_APPICON_NAME = AppIcon;
				ASSETCATALOG_COMPILER_LAUNCHIMAGE_NAME = LaunchImage;
				CODE_SIGN_ENTITLEMENTS = JT/JT.entitlements;
				CODE_SIGN_STYLE = Automatic;
				DEVELOPMENT_TEAM = JNF86A6DCM;
				INFOPLIST_FILE = "${SRCROOT}/JT/Resource/Info.plist";
				LD_RUNPATH_SEARCH_PATHS = (
					"$(inherited)",
					"@executable_path/Frameworks",
				);
				PRODUCT_BUNDLE_IDENTIFIER = com.zx.JT;
				PRODUCT_NAME = "$(TARGET_NAME)";
				TARGETED_DEVICE_FAMILY = 1;
			};
			name = Release;
		};
/* End XCBuildConfiguration section */

/* Begin XCConfigurationList section */
		3CFE7DA020DC9D6A00CD653C /* Build configuration list for PBXProject "JT" */ = {
			isa = XCConfigurationList;
			buildConfigurations = (
				3CFE7DB920DC9D6C00CD653C /* Debug */,
				3CFE7DBA20DC9D6C00CD653C /* Release */,
			);
			defaultConfigurationIsVisible = 0;
			defaultConfigurationName = Release;
		};
		3CFE7DBB20DC9D6C00CD653C /* Build configuration list for PBXNativeTarget "JT" */ = {
			isa = XCConfigurationList;
			buildConfigurations = (
				3CFE7DBC20DC9D6C00CD653C /* Debug */,
				3CFE7DBD20DC9D6C00CD653C /* Release */,
			);
			defaultConfigurationIsVisible = 0;
			defaultConfigurationName = Release;
		};
/* End XCConfigurationList section */
	};
	rootObject = 3CFE7D9D20DC9D6A00CD653C /* Project object */;
}
